
Microsoft Visual Studio Solution File, Format Version 12.00
# Visual Studio Version 17
VisualStudioVersion = 17.6.33801.468
MinimumVisualStudioVersion = 10.0.40219.1
Project("{FAE04EC0-301F-11D3-BF4B-00C04F79EFBC}") = "MatrixArmanshin", "MatrixArmanshin\MatrixArmanshin.csproj", "{742A9567-9321-43A4-BA86-75499E5ABE6B}"
EndProject
Global
	GlobalSection(SolutionConfigurationPlatforms) = preSolution
		Debug|Any CPU = Debug|Any CPU
		Release|Any CPU = Release|Any CPU
	EndGlobalSection
	GlobalSection(ProjectConfigurationPlatforms) = postSolution
		{742A9567-9321-43A4-BA86-75499E5ABE6B}.Debug|Any CPU.ActiveCfg = Debug|Any CPU
		{742A9567-9321-43A4-BA86-75499E5ABE6B}.Debug|Any CPU.Build.0 = Debug|Any CPU
		{742A9567-9321-43A4-BA86-75499E5ABE6B}.Release|Any CPU.ActiveCfg = Release|Any CPU
		{742A9567-9321-43A4-BA86-75499E5ABE6B}.Release|Any CPU.Build.0 = Release|Any CPU
	EndGlobalSection
	GlobalSection(SolutionProperties) = preSolution
		HideSolutionNode = FALSE
	EndGlobalSection
	GlobalSection(ExtensibilityGlobals) = postSolution
		SolutionGuid = {62A39045-4428-4EEB-B0F9-18B0829D2844}
	EndGlobalSection
EndGlobal
